
Microsoft Visual Studio Solution File, Format Version 12.00
# Visual Studio Version 16
VisualStudioVersion = 16.0.31025.194
MinimumVisualStudioVersion = 10.0.40219.1
Project("{FAE04EC0-301F-11D3-BF4B-00C04F79EFBC}") = "TimeStampGenerator", "TimeStampGenerator\TimeStampGenerator.csproj", "{F050CD62-BDDE-428D-B74A-82DF8FEDB1BC}"
EndProject
Global
	GlobalSection(SolutionConfigurationPlatforms) = preSolution
		Debug|Any CPU = Debug|Any CPU
		Release|Any CPU = Release|Any CPU
	EndGlobalSection
	GlobalSection(ProjectConfigurationPlatforms) = postSolution
		{F050CD62-BDDE-428D-B74A-82DF8FEDB1BC}.Debug|Any CPU.ActiveCfg = Debug|Any CPU
		{F050CD62-BDDE-428D-B74A-82DF8FEDB1BC}.Debug|Any CPU.Build.0 = Debug|Any CPU
		{F050CD62-BDDE-428D-B74A-82DF8FEDB1BC}.Release|Any CPU.ActiveCfg = Release|Any CPU
		{F050CD62-BDDE-428D-B74A-82DF8FEDB1BC}.Release|Any CPU.Build.0 = Release|Any CPU
	EndGlobalSection
	GlobalSection(SolutionProperties) = preSolution
		HideSolutionNode = FALSE
	EndGlobalSection
	GlobalSection(ExtensibilityGlobals) = postSolution
		SolutionGuid = {DC590FA0-3244-4DDC-BA14-64CA2529AA16}
	EndGlobalSection
EndGlobal
